// !$*UTF8*$!
{
	archiveVersion = 1;
	classes = {
	};
	objectVersion = 55;
	objects = {

/* Begin PBXBuildFile section */
		14C213BC2972B1E90063D505 /* AppDelegate.swift in Sources */ = {isa = PBXBuildFile; fileRef = 14C213BB2972B1E90063D505 /* AppDelegate.swift */; };
		14C213BE2972B1E90063D505 /* SceneDelegate.swift in Sources */ = {isa = PBXBuildFile; fileRef = 14C213BD2972B1E90063D505 /* SceneDelegate.swift */; };
		14C213C02972B1E90063D505 /* ViewController.swift in Sources */ = {isa = PBXBuildFile; fileRef = 14C213BF2972B1E90063D505 /* ViewController.swift */; };
		14C213C32972B1E90063D505 /* Main.storyboard in Resources */ = {isa = PBXBuildFile; fileRef = 14C213C12972B1E90063D505 /* Main.storyboard */; };
		14C213C52972B1EB0063D505 /* Assets.xcassets in Resources */ = {isa = PBXBuildFile; fileRef = 14C213C42972B1EB0063D505 /* Assets.xcassets */; };
		14C213C82972B1EB0063D505 /* LaunchScreen.storyboard in Resources */ = {isa = PBXBuildFile; fileRef = 14C213C62972B1EB0063D505 /* LaunchScreen.storyboard */; };
		14C213D32972B1EB0063D505 /* StromeAppTests.swift in Sources */ = {isa = PBXBuildFile; fileRef = 14C213D22972B1EB0063D505 /* StromeAppTests.swift */; };
		14C213DD2972B1EB0063D505 /* StromeAppUITests.swift in Sources */ = {isa = PBXBuildFile; fileRef = 14C213DC2972B1EB0063D505 /* StromeAppUITests.swift */; };
		14C213DF2972B1EB0063D505 /* StromeAppUITestsLaunchTests.swift in Sources */ = {isa = PBXBuildFile; fileRef = 14C213DE2972B1EB0063D505 /* StromeAppUITestsLaunchTests.swift */; };
/* End PBXBuildFile section */

/* Begin PBXContainerItemProxy section */
		14C213CF2972B1EB0063D505 /* PBXContainerItemProxy */ = {
			isa = PBXContainerItemProxy;
			containerPortal = 14C213B02972B1E90063D505 /* Project object */;
			proxyType = 1;
			remoteGlobalIDString = 14C213B72972B1E90063D505;
			remoteInfo = StromeApp;
		};
		14C213D92972B1EB0063D505 /* PBXContainerItemProxy */ = {
			isa = PBXContainerItemProxy;
			containerPortal = 14C213B02972B1E90063D505 /* Project object */;
			proxyType = 1;
			remoteGlobalIDString = 14C213B72972B1E90063D505;
			remoteInfo = StromeApp;
		};
/* End PBXContainerItemProxy section */

/* Begin PBXFileReference section */
		14C213B82972B1E90063D505 /* StromeApp.app */ = {isa = PBXFileReference; explicitFileType = wrapper.application; includeInIndex = 0; path = StromeApp.app; sourceTree = BUILT_PRODUCTS_DIR; };
		14C213BB2972B1E90063D505 /* AppDelegate.swift */ = {isa = PBXFileReference; lastKnownFileType = sourcecode.swift; path = AppDelegate.swift; sourceTree = "<group>"; };
		14C213BD2972B1E90063D505 /* SceneDelegate.swift */ = {isa = PBXFileReference; lastKnownFileType = sourcecode.swift; path = SceneDelegate.swift; sourceTree = "<group>"; };
		14C213BF2972B1E90063D505 /* ViewController.swift */ = {isa = PBXFileReference; lastKnownFileType = sourcecode.swift; path = ViewController.swift; sourceTree = "<group>"; };
		14C213C22972B1E90063D505 /* Base */ = {isa = PBXFileReference; lastKnownFileType = file.storyboard; name = Base; path = Base.lproj/Main.storyboard; sourceTree = "<group>"; };
		14C213C42972B1EB0063D505 /* Assets.xcassets */ = {isa = PBXFileReference; lastKnownFileType = folder.assetcatalog; path = Assets.xcassets; sourceTree = "<group>"; };
		14C213C72972B1EB0063D505 /* Base */ = {isa = PBXFileReference; lastKnownFileType = file.storyboard; name = Base; path = Base.lproj/LaunchScreen.storyboard; sourceTree = "<group>"; };
		14C213C92972B1EB0063D505 /* Info.plist */ = {isa = PBXFileReference; lastKnownFileType = text.plist.xml; path = Info.plist; sourceTree = "<group>"; };
		14C213CE2972B1EB0063D505 /* StromeAppTests.xctest */ = {isa = PBXFileReference; explicitFileType = wrapper.cfbundle; includeInIndex = 0; path = StromeAppTests.xctest; sourceTree = BUILT_PRODUCTS_DIR; };
		14C213D22972B1EB0063D505 /* StromeAppTests.swift */ = {isa = PBXFileReference; lastKnownFileType = sourcecode.swift; path = StromeAppTests.swift; sourceTree = "<group>"; };
		14C213D82972B1EB0063D505 /* StromeAppUITests.xctest */ = {isa = PBXFileReference; explicitFileType = wrapper.cfbundle; includeInIndex = 0; path = StromeAppUITests.xctest; sourceTree = BUILT_PRODUCTS_DIR; };
		14C213DC2972B1EB0063D505 /* StromeAppUITests.swift */ = {isa = PBXFileReference; lastKnownFileType = sourcecode.swift; path = StromeAppUITests.swift; sourceTree = "<group>"; };
		14C213DE2972B1EB0063D505 /* StromeAppUITestsLaunchTests.swift */ = {isa = PBXFileReference; lastKnownFileType = sourcecode.swift; path = StromeAppUITestsLaunchTests.swift; sourceTree = "<group>"; };
/* End PBXFileReference section */

/* Begin PBXFrameworksBuildPhase section */
		14C213B52972B1E90063D505 /* Frameworks */ = {
			isa = PBXFrameworksBuildPhase;
			buildActionMask = 2147483647;
			files = (
			);
			runOnlyForDeploymentPostprocessing = 0;
		};
		14C213CB2972B1EB0063D505 /* Frameworks */ = {
			isa = PBXFrameworksBuildPhase;
			buildActionMask = 2147483647;
			files = (
			);
			runOnlyForDeploymentPostprocessing = 0;
		};
		14C213D52972B1EB0063D505 /* Frameworks */ = {
			isa = PBXFrameworksBuildPhase;
			buildActionMask = 2147483647;
			files = (
			);
			runOnlyForDeploymentPostprocessing = 0;
		};
/* End PBXFrameworksBuildPhase section */

/* Begin PBXGroup section */
		14C213AF2972B1E90063D505 = {
			isa = PBXGroup;
			children = (
				14C213BA2972B1E90063D505 /* StromeApp */,
				14C213D12972B1EB0063D505 /* StromeAppTests */,
				14C213DB2972B1EB0063D505 /* StromeAppUITests */,
				14C213B92972B1E90063D505 /* Products */,
			);
			sourceTree = "<group>";
		};
		14C213B92972B1E90063D505 /* Products */ = {
			isa = PBXGroup;
			children = (
				14C213B82972B1E90063D505 /* StromeApp.app */,
				14C213CE2972B1EB0063D505 /* StromeAppTests.xctest */,
				14C213D82972B1EB0063D505 /* StromeAppUITests.xctest */,
			);
			name = Products;
			sourceTree = "<group>";
		};
		14C213BA2972B1E90063D505 /* StromeApp */ = {
			isa = PBXGroup;
			children = (
				14C213BB2972B1E90063D505 /* AppDelegate.swift */,
				14C213BD2972B1E90063D505 /* SceneDelegate.swift */,
				14C213BF2972B1E90063D505 /* ViewController.swift */,
				14C213C12972B1E90063D505 /* Main.storyboard */,
				14C213C42972B1EB0063D505 /* Assets.xcassets */,
				14C213C62972B1EB0063D505 /* LaunchScreen.storyboard */,
				14C213C92972B1EB0063D505 /* Info.plist */,
			);
			path = StromeApp;
			sourceTree = "<group>";
		};
		14C213D12972B1EB0063D505 /* StromeAppTests */ = {
			isa = PBXGroup;
			children = (
				14C213D22972B1EB0063D505 /* StromeAppTests.swift */,
			);
			path = StromeAppTests;
			sourceTree = "<group>";
		};
		14C213DB2972B1EB0063D505 /* StromeAppUITests */ = {
			isa = PBXGroup;
			children = (
				14C213DC2972B1EB0063D505 /* StromeAppUITests.swift */,
				14C213DE2972B1EB0063D505 /* StromeAppUITestsLaunchTests.swift */,
			);
			path = StromeAppUITests;
			sourceTree = "<group>";
		};
/* End PBXGroup section */

/* Begin PBXNativeTarget section */
		14C213B72972B1E90063D505 /* StromeApp */ = {
			isa = PBXNativeTarget;
			buildConfigurationList = 14C213E22972B1EB0063D505 /* Build configuration list for PBXNativeTarget "StromeApp" */;
			buildPhases = (
				14C213B42972B1E90063D505 /* Sources */,
				14C213B52972B1E90063D505 /* Frameworks */,
				14C213B62972B1E90063D505 /* Resources */,
			);
			buildRules = (
			);
			dependencies = (
			);
			name = StromeApp;
			productName = StromeApp;
			productReference = 14C213B82972B1E90063D505 /* StromeApp.app */;
			productType = "com.apple.product-type.application";
		};
		14C213CD2972B1EB0063D505 /* StromeAppTests */ = {
			isa = PBXNativeTarget;
			buildConfigurationList = 14C213E52972B1EB0063D505 /* Build configuration list for PBXNativeTarget "StromeAppTests" */;
			buildPhases = (
				14C213CA2972B1EB0063D505 /* Sources */,
				14C213CB2972B1EB0063D505 /* Frameworks */,
				14C213CC2972B1EB0063D505 /* Resources */,
			);
			buildRules = (
			);
			dependencies = (
				14C213D02972B1EB0063D505 /* PBXTargetDependency */,
			);
			name = StromeAppTests;
			productName = StromeAppTests;
			productReference = 14C213CE2972B1EB0063D505 /* StromeAppTests.xctest */;
			productType = "com.apple.product-type.bundle.unit-test";
		};
		14C213D72972B1EB0063D505 /* StromeAppUITests */ = {
			isa = PBXNativeTarget;
			buildConfigurationList = 14C213E82972B1EB0063D505 /* Build configuration list for PBXNativeTarget "StromeAppUITests" */;
			buildPhases = (
				14C213D42972B1EB0063D505 /* Sources */,
				14C213D52972B1EB0063D505 /* Frameworks */,
				14C213D62972B1EB0063D505 /* Resources */,
			);
			buildRules = (
			);
			dependencies = (
				14C213DA2972B1EB0063D505 /* PBXTargetDependency */,
			);
			name = StromeAppUITests;
			productName = StromeAppUITests;
			productReference = 14C213D82972B1EB0063D505 /* StromeAppUITests.xctest */;
			productType = "com.apple.product-type.bundle.ui-testing";
		};
/* End PBXNativeTarget section */

/* Begin PBXProject section */
		14C213B02972B1E90063D505 /* Project object */ = {
			isa = PBXProject;
			attributes = {
				BuildIndependentTargetsInParallel = 1;
				LastSwiftUpdateCheck = 1330;
				LastUpgradeCheck = 1330;
				TargetAttributes = {
					14C213B72972B1E90063D505 = {
						CreatedOnToolsVersion = 13.3.1;
					};
					14C213CD2972B1EB0063D505 = {
						CreatedOnToolsVersion = 13.3.1;
						TestTargetID = 14C213B72972B1E90063D505;
					};
					14C213D72972B1EB0063D505 = {
						CreatedOnToolsVersion = 13.3.1;
						TestTargetID = 14C213B72972B1E90063D505;
					};
				};
			};
			buildConfigurationList = 14C213B32972B1E90063D505 /* Build configuration list for PBXProject "StromeApp" */;
			compatibilityVersion = "Xcode 13.0";
			developmentRegion = en;
			hasScannedForEncodings = 0;
			knownRegions = (
				en,
				Base,
			);
			mainGroup = 14C213AF2972B1E90063D505;
			productRefGroup = 14C213B92972B1E90063D505 /* Products */;
			projectDirPath = "";
			projectRoot = "";
			targets = (
				14C213B72972B1E90063D505 /* StromeApp */,
				14C213CD2972B1EB0063D505 /* StromeAppTests */,
				14C213D72972B1EB0063D505 /* StromeAppUITests */,
			);
		};
/* End PBXProject section */

/* Begin PBXResourcesBuildPhase section */
		14C213B62972B1E90063D505 /* Resources */ = {
			isa = PBXResourcesBuildPhase;
			buildActionMask = 2147483647;
			files = (
				14C213C82972B1EB0063D505 /* LaunchScreen.storyboard in Resources */,
				14C213C52972B1EB0063D505 /* Assets.xcassets in Resources */,
				14C213C32972B1E90063D505 /* Main.storyboard in Resources */,
			);
			runOnlyForDeploymentPostprocessing = 0;
		};
		14C213CC2972B1EB0063D505 /* Resources */ = {
			isa = PBXResourcesBuildPhase;
			buildActionMask = 2147483647;
			files = (
			);
			runOnlyForDeploymentPostprocessing = 0;
		};
		14C213D62972B1EB0063D505 /* Resources */ = {
			isa = PBXResourcesBuildPhase;
			buildActionMask = 2147483647;
			files = (
			);
			runOnlyForDeploymentPostprocessing = 0;
		};
/* End PBXResourcesBuildPhase section */

/* Begin PBXSourcesBuildPhase section */
		14C213B42972B1E90063D505 /* Sources */ = {
			isa = PBXSourcesBuildPhase;
			buildActionMask = 2147483647;
			files = (
				14C213C02972B1E90063D505 /* ViewController.swift in Sources */,
				14C213BC2972B1E90063D505 /* AppDelegate.swift in Sources */,
				14C213BE2972B1E90063D505 /* SceneDelegate.swift in Sources */,
			);
			runOnlyForDeploymentPostprocessing = 0;
		};
		14C213CA2972B1EB0063D505 /* Sources */ = {
			isa = PBXSourcesBuildPhase;
			buildActionMask = 2147483647;
			files = (
				14C213D32972B1EB0063D505 /* StromeAppTests.swift in Sources */,
			);
			runOnlyForDeploymentPostprocessing = 0;
		};
		14C213D42972B1EB0063D505 /* Sources */ = {
			isa = PBXSourcesBuildPhase;
			buildActionMask = 2147483647;
			files = (
				14C213DF2972B1EB0063D505 /* StromeAppUITestsLaunchTests.swift in Sources */,
				14C213DD2972B1EB0063D505 /* StromeAppUITests.swift in Sources */,
			);
			runOnlyForDeploymentPostprocessing = 0;
		};
/* End PBXSourcesBuildPhase section */

/* Begin PBXTargetDependency section */
		14C213D02972B1EB0063D505 /* PBXTargetDependency */ = {
			isa = PBXTargetDependency;
			target = 14C213B72972B1E90063D505 /* StromeApp */;
			targetProxy = 14C213CF2972B1EB0063D505 /* PBXContainerItemProxy */;
		};
		14C213DA2972B1EB0063D505 /* PBXTargetDependency */ = {
			isa = PBXTargetDependency;
			target = 14C213B72972B1E90063D505 /* StromeApp */;
			targetProxy = 14C213D92972B1EB0063D505 /* PBXContainerItemProxy */;
		};
/* End PBXTargetDependency section */

/* Begin PBXVariantGroup section */
		14C213C12972B1E90063D505 /* Main.storyboard */ = {
			isa = PBXVariantGroup;
			children = (
				14C213C22972B1E90063D505 /* Base */,
			);
			name = Main.storyboard;
			sourceTree = "<group>";
		};
		14C213C62972B1EB0063D505 /* LaunchScreen.storyboard */ = {
			isa = PBXVariantGroup;
			children = (
				14C213C72972B1EB0063D505 /* Base */,
			);
			name = LaunchScreen.storyboard;
			sourceTree = "<group>";
		};
/* End PBXVariantGroup section */

/* Begin XCBuildConfiguration section */
		14C213E02972B1EB0063D505 /* Debug */ = {
			isa = XCBuildConfiguration;
			buildSettings = {
				ALWAYS_SEARCH_USER_PATHS = NO;
				CLANG_ANALYZER_NONNULL = YES;
				CLANG_ANALYZER_NUMBER_OBJECT_CONVERSION = YES_AGGRESSIVE;
				CLANG_CXX_LANGUAGE_STANDARD = "gnu++17";
				CLANG_ENABLE_MODULES = YES;
				CLANG_ENABLE_OBJC_ARC = YES;
				CLANG_ENABLE_OBJC_WEAK = YES;
				CLANG_WARN_BLOCK_CAPTURE_AUTORELEASING = YES;
				CLANG_WARN_BOOL_CONVERSION = YES;
				CLANG_WARN_COMMA = YES;
				CLANG_WARN_CONSTANT_CONVERSION = YES;
				CLANG_WARN_DEPRECATED_OBJC_IMPLEMENTATIONS = YES;
				CLANG_WARN_DIRECT_OBJC_ISA_USAGE = YES_ERROR;
				CLANG_WARN_DOCUMENTATION_COMMENTS = YES;
				CLANG_WARN_EMPTY_BODY = YES;
				CLANG_WARN_ENUM_CONVERSION = YES;
				CLANG_WARN_INFINITE_RECURSION = YES;
				CLANG_WARN_INT_CONVERSION = YES;
				CLANG_WARN_NON_LITERAL_NULL_CONVERSION = YES;
				CLANG_WARN_OBJC_IMPLICIT_RETAIN_SELF = YES;
				CLANG_WARN_OBJC_LITERAL_CONVERSION = YES;
				CLANG_WARN_OBJC_ROOT_CLASS = YES_ERROR;
				CLANG_WARN_QUOTED_INCLUDE_IN_FRAMEWORK_HEADER = YES;
				CLANG_WARN_RANGE_LOOP_ANALYSIS = YES;
				CLANG_WARN_STRICT_PROTOTYPES = YES;
				CLANG_WARN_SUSPICIOUS_MOVE = YES;
				CLANG_WARN_UNGUARDED_AVAILABILITY = YES_AGGRESSIVE;
				CLANG_WARN_UNREACHABLE_CODE = YES;
				CLANG_WARN__DUPLICATE_METHOD_MATCH = YES;
				COPY_PHASE_STRIP = NO;
				DEBUG_INFORMATION_FORMAT = dwarf;
				ENABLE_STRICT_OBJC_MSGSEND = YES;
				ENABLE_TESTABILITY = YES;
				GCC_C_LANGUAGE_STANDARD = gnu11;
				GCC_DYNAMIC_NO_PIC = NO;
				GCC_NO_COMMON_BLOCKS = YES;
				GCC_OPTIMIZATION_LEVEL = 0;
				GCC_PREPROCESSOR_DEFINITIONS = (
					"DEBUG=1",
					"$(inherited)",
				);
				GCC_WARN_64_TO_32_BIT_CONVERSION = YES;
				GCC_WARN_ABOUT_RETURN_TYPE = YES_ERROR;
				GCC_WARN_UNDECLARED_SELECTOR = YES;
				GCC_WARN_UNINITIALIZED_AUTOS = YES_AGGRESSIVE;
				GCC_WARN_UNUSED_FUNCTION = YES;
				GCC_WARN_UNUSED_VARIABLE = YES;
				IPHONEOS_DEPLOYMENT_TARGET = 15.4;
				MTL_ENABLE_DEBUG_INFO = INCLUDE_SOURCE;
				MTL_FAST_MATH = YES;
				ONLY_ACTIVE_ARCH = YES;
				SDKROOT = iphoneos;
				SWIFT_ACTIVE_COMPILATION_CONDITIONS = DEBUG;
				SWIFT_OPTIMIZATION_LEVEL = "-Onone";
			};
			name = Debug;
		};
		14C213E12972B1EB0063D505 /* Release */ = {
			isa = XCBuildConfiguration;
			buildSettings = {
				ALWAYS_SEARCH_USER_PATHS = NO;
				CLANG_ANALYZER_NONNULL = YES;
				CLANG_ANALYZER_NUMBER_OBJECT_CONVERSION = YES_AGGRESSIVE;
				CLANG_CXX_LANGUAGE_STANDARD = "gnu++17";
				CLANG_ENABLE_MODULES = YES;
				CLANG_ENABLE_OBJC_ARC = YES;
				CLANG_ENABLE_OBJC_WEAK = YES;
				CLANG_WARN_BLOCK_CAPTURE_AUTORELEASING = YES;
				CLANG_WARN_BOOL_CONVERSION = YES;
				CLANG_WARN_COMMA = YES;
				CLANG_WARN_CONSTANT_CONVERSION = YES;
				CLANG_WARN_DEPRECATED_OBJC_IMPLEMENTATIONS = YES;
				CLANG_WARN_DIRECT_OBJC_ISA_USAGE = YES_ERROR;
				CLANG_WARN_DOCUMENTATION_COMMENTS = YES;
				CLANG_WARN_EMPTY_BODY = YES;
				CLANG_WARN_ENUM_CONVERSION = YES;
				CLANG_WARN_INFINITE_RECURSION = YES;
				CLANG_WARN_INT_CONVERSION = YES;
				CLANG_WARN_NON_LITERAL_NULL_CONVERSION = YES;
				CLANG_WARN_OBJC_IMPLICIT_RETAIN_SELF = YES;
				CLANG_WARN_OBJC_LITERAL_CONVERSION = YES;
				CLANG_WARN_OBJC_ROOT_CLASS = YES_ERROR;
				CLANG_WARN_QUOTED_INCLUDE_IN_FRAMEWORK_HEADER = YES;
				CLANG_WARN_RANGE_LOOP_ANALYSIS = YES;
				CLANG_WARN_STRICT_PROTOTYPES = YES;
				CLANG_WARN_SUSPICIOUS_MOVE = YES;
				CLANG_WARN_UNGUARDED_AVAILABILITY = YES_AGGRESSIVE;
				CLANG_WARN_UNREACHABLE_CODE = YES;
				CLANG_WARN__DUPLICATE_METHOD_MATCH = YES;
				COPY_PHASE_STRIP = NO;
				DEBUG_INFORMATION_FORMAT = "dwarf-with-dsym";
				ENABLE_NS_ASSERTIONS = NO;
				ENABLE_STRICT_OBJC_MSGSEND = YES;
				GCC_C_LANGUAGE_STANDARD = gnu11;
				GCC_NO_COMMON_BLOCKS = YES;
				GCC_WARN_64_TO_32_BIT_CONVERSION = YES;
				GCC_WARN_ABOUT_RETURN_TYPE = YES_ERROR;
				GCC_WARN_UNDECLARED_SELECTOR = YES;
				GCC_WARN_UNINITIALIZED_AUTOS = YES_AGGRESSIVE;
				GCC_WARN_UNUSED_FUNCTION = YES;
				GCC_WARN_UNUSED_VARIABLE = YES;
				IPHONEOS_DEPLOYMENT_TARGET = 15.4;
				MTL_ENABLE_DEBUG_INFO = NO;
				MTL_FAST_MATH = YES;
				SDKROOT = iphoneos;
				SWIFT_COMPILATION_MODE = wholemodule;
				SWIFT_OPTIMIZATION_LEVEL = "-O";
				VALIDATE_PRODUCT = YES;
			};
			name = Release;
		};
		14C213E32972B1EB0063D505 /* Debug */ = {
			isa = XCBuildConfiguration;
			buildSettings = {
				ASSETCATALOG_COMPILER_APPICON_NAME = AppIcon;
				ASSETCATALOG_COMPILER_GLOBAL_ACCENT_COLOR_NAME = AccentColor;
				CODE_SIGN_STYLE = Automatic;
				CURRENT_PROJECT_VERSION = 1;
				GENERATE_INFOPLIST_FILE = YES;
				INFOPLIST_FILE = StromeApp/Info.plist;
				INFOPLIST_KEY_UIApplicationSupportsIndirectInputEvents = YES;
				INFOPLIST_KEY_UILaunchStoryboardName = LaunchScreen;
				INFOPLIST_KEY_UIMainStoryboardFile = Main;
				INFOPLIST_KEY_UISupportedInterfaceOrientations_iPad = "UIInterfaceOrientationPortrait UIInterfaceOrientationPortraitUpsideDown UIInterfaceOrientationLandscapeLeft UIInterfaceOrientationLandscapeRight";
				INFOPLIST_KEY_UISupportedInterfaceOrientations_iPhone = "UIInterfaceOrientationPortrait UIInterfaceOrientationLandscapeLeft UIInterfaceOrientationLandscapeRight";
				LD_RUNPATH_SEARCH_PATHS = (
					"$(inherited)",
					"@executable_path/Frameworks",
				);
				MARKETING_VERSION = 1.0;
				PRODUCT_BUNDLE_IDENTIFIER = com.nanhe.StromeApp;
				PRODUCT_NAME = "$(TARGET_NAME)";
				SWIFT_EMIT_LOC_STRINGS = YES;
				SWIFT_VERSION = 5.0;
				TARGETED_DEVICE_FAMILY = "1,2";
			};
			name = Debug;
		};
		14C213E42972B1EB0063D505 /* Release */ = {
			isa = XCBuildConfiguration;
			buildSettings = {
				ASSETCATALOG_COMPILER_APPICON_NAME = AppIcon;
				ASSETCATALOG_COMPILER_GLOBAL_ACCENT_COLOR_NAME = AccentColor;
				CODE_SIGN_STYLE = Automatic;
				CURRENT_PROJECT_VERSION = 1;
				GENERATE_INFOPLIST_FILE = YES;
				INFOPLIST_FILE = StromeApp/Info.plist;
				INFOPLIST_KEY_UIApplicationSupportsIndirectInputEvents = YES;
				INFOPLIST_KEY_UILaunchStoryboardName = LaunchScreen;
				INFOPLIST_KEY_UIMainStoryboardFile = Main;
				INFOPLIST_KEY_UISupportedInterfaceOrientations_iPad = "UIInterfaceOrientationPortrait UIInterfaceOrientationPortraitUpsideDown UIInterfaceOrientationLandscapeLeft UIInterfaceOrientationLandscapeRight";
				INFOPLIST_KEY_UISupportedInterfaceOrientations_iPhone = "UIInterfaceOrientationPortrait UIInterfaceOrientationLandscapeLeft UIInterfaceOrientationLandscapeRight";
				LD_RUNPATH_SEARCH_PATHS = (
					"$(inherited)",
					"@executable_path/Frameworks",
				);
				MARKETING_VERSION = 1.0;
				PRODUCT_BUNDLE_IDENTIFIER = com.nanhe.StromeApp;
				PRODUCT_NAME = "$(TARGET_NAME)";
				SWIFT_EMIT_LOC_STRINGS = YES;
				SWIFT_VERSION = 5.0;
				TARGETED_DEVICE_FAMILY = "1,2";
			};
			name = Release;
		};
		14C213E62972B1EB0063D505 /* Debug */ = {
			isa = XCBuildConfiguration;
			buildSettings = {
				ALWAYS_EMBED_SWIFT_STANDARD_LIBRARIES = YES;
				BUNDLE_LOADER = "$(TEST_HOST)";
				CODE_SIGN_STYLE = Automatic;
				CURRENT_PROJECT_VERSION = 1;
				GENERATE_INFOPLIST_FILE = YES;
				IPHONEOS_DEPLOYMENT_TARGET = 15.4;
				MARKETING_VERSION = 1.0;
				PRODUCT_BUNDLE_IDENTIFIER = com.nanhe.StromeAppTests;
				PRODUCT_NAME = "$(TARGET_NAME)";
				SWIFT_EMIT_LOC_STRINGS = NO;
				SWIFT_VERSION = 5.0;
				TARGETED_DEVICE_FAMILY = "1,2";
				TEST_HOST = "$(BUILT_PRODUCTS_DIR)/StromeApp.app/StromeApp";
			};
			name = Debug;
		};
		14C213E72972B1EB0063D505 /* Release */ = {
			isa = XCBuildConfiguration;
			buildSettings = {
				ALWAYS_EMBED_SWIFT_STANDARD_LIBRARIES = YES;
				BUNDLE_LOADER = "$(TEST_HOST)";
				CODE_SIGN_STYLE = Automatic;
				CURRENT_PROJECT_VERSION = 1;
				GENERATE_INFOPLIST_FILE = YES;
				IPHONEOS_DEPLOYMENT_TARGET = 15.4;
				MARKETING_VERSION = 1.0;
				PRODUCT_BUNDLE_IDENTIFIER = com.nanhe.StromeAppTests;
				PRODUCT_NAME = "$(TARGET_NAME)";
				SWIFT_EMIT_LOC_STRINGS = NO;
				SWIFT_VERSION = 5.0;
				TARGETED_DEVICE_FAMILY = "1,2";
				TEST_HOST = "$(BUILT_PRODUCTS_DIR)/StromeApp.app/StromeApp";
			};
			name = Release;
		};
		14C213E92972B1EB0063D505 /* Debug */ = {
			isa = XCBuildConfiguration;
			buildSettings = {
				ALWAYS_EMBED_SWIFT_STANDARD_LIBRARIES = YES;
				CODE_SIGN_STYLE = Automatic;
				CURRENT_PROJECT_VERSION = 1;
				GENERATE_INFOPLIST_FILE = YES;
				MARKETING_VERSION = 1.0;
				PRODUCT_BUNDLE_IDENTIFIER = com.nanhe.StromeAppUITests;
				PRODUCT_NAME = "$(TARGET_NAME)";
				SWIFT_EMIT_LOC_STRINGS = NO;
				SWIFT_VERSION = 5.0;
				TARGETED_DEVICE_FAMILY = "1,2";
				TEST_TARGET_NAME = StromeApp;
			};
			name = Debug;
		};
		14C213EA2972B1EB0063D505 /* Release */ = {
			isa = XCBuildConfiguration;
			buildSettings = {
				ALWAYS_EMBED_SWIFT_STANDARD_LIBRARIES = YES;
				CODE_SIGN_STYLE = Automatic;
				CURRENT_PROJECT_VERSION = 1;
				GENERATE_INFOPLIST_FILE = YES;
				MARKETING_VERSION = 1.0;
				PRODUCT_BUNDLE_IDENTIFIER = com.nanhe.StromeAppUITests;
				PRODUCT_NAME = "$(TARGET_NAME)";
				SWIFT_EMIT_LOC_STRINGS = NO;
				SWIFT_VERSION = 5.0;
				TARGETED_DEVICE_FAMILY = "1,2";
				TEST_TARGET_NAME = StromeApp;
			};
			name = Release;
		};
/* End XCBuildConfiguration section */

/* Begin XCConfigurationList section */
		14C213B32972B1E90063D505 /* Build configuration list for PBXProject "StromeApp" */ = {
			isa = XCConfigurationList;
			buildConfigurations = (
				14C213E02972B1EB0063D505 /* Debug */,
				14C213E12972B1EB0063D505 /* Release */,
			);
			defaultConfigurationIsVisible = 0;
			defaultConfigurationName = Release;
		};
		14C213E22972B1EB0063D505 /* Build configuration list for PBXNativeTarget "StromeApp" */ = {
			isa = XCConfigurationList;
			buildConfigurations = (
				14C213E32972B1EB0063D505 /* Debug */,
				14C213E42972B1EB0063D505 /* Release */,
			);
			defaultConfigurationIsVisible = 0;
			defaultConfigurationName = Release;
		};
		14C213E52972B1EB0063D505 /* Build configuration list for PBXNativeTarget "StromeAppTests" */ = {
			isa = XCConfigurationList;
			buildConfigurations = (
				14C213E62972B1EB0063D505 /* Debug */,
				14C213E72972B1EB0063D505 /* Release */,
			);
			defaultConfigurationIsVisible = 0;
			defaultConfigurationName = Release;
		};
		14C213E82972B1EB0063D505 /* Build configuration list for PBXNativeTarget "StromeAppUITests" */ = {
			isa = XCConfigurationList;
			buildConfigurations = (
				14C213E92972B1EB0063D505 /* Debug */,
				14C213EA2972B1EB0063D505 /* Release */,
			);
			defaultConfigurationIsVisible = 0;
			defaultConfigurationName = Release;
		};
/* End XCConfigurationList section */
	};
	rootObject = 14C213B02972B1E90063D505 /* Project object */;
}
